
Microsoft Visual Studio Solution File, Format Version 12.00
# Visual Studio Version 17
VisualStudioVersion = 17.13.35825.156
MinimumVisualStudioVersion = 10.0.40219.1
Project("{FAE04EC0-301F-11D3-BF4B-00C04F79EFBC}") = "W01_HelloWorld", "W01_HelloWorld\W01_HelloWorld.csproj", "{B1EA0FF4-EAD3-4CA3-ACC8-243BB7D0C4CB}"
EndProject
Project("{FAE04EC0-301F-11D3-BF4B-00C04F79EFBC}") = "W01_DataTypes", "W01_DataTypes\W01_DataTypes.csproj", "{F65C2232-53D4-4540-9C1C-53E6417632B6}"
EndProject
Project("{FAE04EC0-301F-11D3-BF4B-00C04F79EFBC}") = "W01_ControlFlow", "W01_ControlFlow\W01_ControlFlow.csproj", "{0135D414-2513-4EAC-B25E-3592E72B2C14}"
EndProject
Project("{FAE04EC0-301F-11D3-BF4B-00C04F79EFBC}") = "W01_FileIO", "W01_FileIO\W01_FileIO.csproj", "{B222BE1D-D693-465A-80EE-DACAC0242E55}"
EndProject
Project("{FAE04EC0-301F-11D3-BF4B-00C04F79EFBC}") = "W01_TaskManager_v1", "W01_TaskManager_v1\W01_TaskManager_v1.csproj", "{73EAB4BB-948C-4223-9EC9-0C96F5F6748E}"
EndProject
Project("{FAE04EC0-301F-11D3-BF4B-00C04F79EFBC}") = "W01_TaskManager_v2", "W01_TaskManager_v2\W01_TaskManager_v2.csproj", "{E9E23869-31B4-42AF-91C4-3C931E2D798C}"
EndProject
Project("{FAE04EC0-301F-11D3-BF4B-00C04F79EFBC}") = "W02_LibraryManagementSystem", "W02_LibraryManagementSystem\W02_LibraryManagementSystem.csproj", "{DB0FA74C-EFF3-4701-B7F6-47B35D70EB6C}"
EndProject
Project("{FAE04EC0-301F-11D3-BF4B-00C04F79EFBC}") = "W02_DrawContextWPF", "W02_DrawContext\W02_DrawContextWPF.csproj", "{47BBC473-8BBF-406B-8239-A05856E0DAA7}"
EndProject
Project("{FAE04EC0-301F-11D3-BF4B-00C04F79EFBC}") = "W02_HelloWPF", "W02_HelloWPF\W02_HelloWPF.csproj", "{C9E94BB0-332D-4DDD-9777-83ED8AB9484D}"
EndProject
Project("{FAE04EC0-301F-11D3-BF4B-00C04F79EFBC}") = "W03_LINQExercise", "W03_LINQExercise\W03_LINQExercise.csproj", "{D33F3D46-0BD9-45D0-A534-4FFA81B10B30}"
EndProject
Project("{FAE04EC0-301F-11D3-BF4B-00C04F79EFBC}") = "W03_BooksWPF", "W03_BooksWPF\W03_BooksWPF.csproj", "{CFB4958C-94B3-4781-8147-94CB5F186C0C}"
EndProject
Project("{FAE04EC0-301F-11D3-BF4B-00C04F79EFBC}") = "W04_AssemblyViewerWPF", "W04_AssemblyViewerWPF\W04_AssemblyViewerWPF.csproj", "{8B2F4393-41AE-42F0-9BC5-3DBC61E6329D}"
EndProject
Project("{FAE04EC0-301F-11D3-BF4B-00C04F79EFBC}") = "W04_PluginBase", "W04_PluginBase\W04_PluginBase.csproj", "{EE6F2E03-D11F-448C-8A03-E5A0B9A5373D}"
EndProject
Project("{FAE04EC0-301F-11D3-BF4B-00C04F79EFBC}") = "W04_PluginOtherWPF", "W04_PluginOtherWPF\W04_PluginOtherWPF.csproj", "{80DEA4CE-23DF-4A85-881F-71330F2163F7}"
	ProjectSection(ProjectDependencies) = postProject
		{EE6F2E03-D11F-448C-8A03-E5A0B9A5373D} = {EE6F2E03-D11F-448C-8A03-E5A0B9A5373D}
	EndProjectSection
EndProject
Project("{FAE04EC0-301F-11D3-BF4B-00C04F79EFBC}") = "W04_PluginCool", "W04_PluginCool\W04_PluginCool.csproj", "{14F6294D-D120-461D-A83A-F39E56FA3CEF}"
	ProjectSection(ProjectDependencies) = postProject
		{EE6F2E03-D11F-448C-8A03-E5A0B9A5373D} = {EE6F2E03-D11F-448C-8A03-E5A0B9A5373D}
	EndProjectSection
EndProject
Project("{FAE04EC0-301F-11D3-BF4B-00C04F79EFBC}") = "W04_PluginLoader", "W04_PluginLoader\W04_PluginLoader.csproj", "{87087D5F-C9B9-4C21-984D-B7D62A5A5B8B}"
	ProjectSection(ProjectDependencies) = postProject
		{EE6F2E03-D11F-448C-8A03-E5A0B9A5373D} = {EE6F2E03-D11F-448C-8A03-E5A0B9A5373D}
	EndProjectSection
EndProject
Project("{FAE04EC0-301F-11D3-BF4B-00C04F79EFBC}") = "W04_SampleAssembly", "W04_SampleAssembly\W04_SampleAssembly.csproj", "{139D76C1-E3E5-4C55-A6FC-69AF9D04F440}"
EndProject
Project("{FAE04EC0-301F-11D3-BF4B-00C04F79EFBC}") = "W04_ReflectionBasics", "W04_ReflectionBasics\W04_ReflectionBasics.csproj", "{132A504B-97B7-49E1-A3D9-F4775B2A07D6}"
	ProjectSection(ProjectDependencies) = postProject
		{139D76C1-E3E5-4C55-A6FC-69AF9D04F440} = {139D76C1-E3E5-4C55-A6FC-69AF9D04F440}
	EndProjectSection
EndProject
Project("{FAE04EC0-301F-11D3-BF4B-00C04F79EFBC}") = "W04_Json", "W04_Json\W04_Json.csproj", "{F012C43C-CD79-46F6-8556-4C68133A25BE}"
EndProject
Project("{FAE04EC0-301F-11D3-BF4B-00C04F79EFBC}") = "W04_DynamicLoading", "W04_DynamicLoading\W04_DynamicLoading.csproj", "{1DFD242B-4783-4CEF-8974-923C176BE7F6}"
EndProject
Project("{FAE04EC0-301F-11D3-BF4B-00C04F79EFBC}") = "W05_DataBinding", "W05_DataBinding\W05_DataBinding.csproj", "{7A003A58-8114-4AFA-9E19-74A1902C91BC}"
EndProject
Project("{FAE04EC0-301F-11D3-BF4B-00C04F79EFBC}") = "W06_Timer", "W06_Timer\W06_Timer.csproj", "{97EA762A-7A03-45D1-B5AE-3108217FCA3E}"
EndProject
Project("{FAE04EC0-301F-11D3-BF4B-00C04F79EFBC}") = "W06_Timer_MVVM_ICommand", "W06_Timer_MVVM_ICommand\W06_Timer_MVVM_ICommand.csproj", "{AD682D57-0FB8-4E66-8A66-68B7CEABC001}"
EndProject
Project("{FAE04EC0-301F-11D3-BF4B-00C04F79EFBC}") = "W06_Timer_MVVM_RelayCommand", "W06_Timer_MVVM_RelayCommand\W06_Timer_MVVM_RelayCommand.csproj", "{C60CA77F-0B6C-4678-A843-4863FB75B2E0}"
EndProject
Project("{FAE04EC0-301F-11D3-BF4B-00C04F79EFBC}") = "W06_Timer_MVVM_Toolkit", "W06_Timer_MVVM_Toolkit\W06_Timer_MVVM_Toolkit.csproj", "{C0323C35-B3AB-4E23-8DD8-938A33BFF835}"
EndProject
Project("{FAE04EC0-301F-11D3-BF4B-00C04F79EFBC}") = "W06_Timer_MVVM_Toolkit_Notify", "W06_Timer_MVVM_Toolkit_Notify\W06_Timer_MVVM_Toolkit_Notify.csproj", "{1F9D95F7-9F4D-4120-BA28-211F89FDC5D1}"
EndProject
Project("{FAE04EC0-301F-11D3-BF4B-00C04F79EFBC}") = "W06_HeroContactList", "W06_HeroContactList\W06_HeroContactList.csproj", "{3A5650A2-DA49-4F3A-B947-9D704DBD0BD0}"
EndProject
Project("{FAE04EC0-301F-11D3-BF4B-00C04F79EFBC}") = "W07_UsersThreading", "W07_UsersThreading\W07_UsersThreading.csproj", "{F811FAC7-CF52-4FBA-A09D-8C4ECA71765D}"
EndProject
Project("{FAE04EC0-301F-11D3-BF4B-00C04F79EFBC}") = "W07_HearthstoneCards_Async", "W07_HearthstoneCards_Async\W07_HearthstoneCards_Async.csproj", "{5C79D29D-958E-4BA8-B730-C9BA9C63A9A6}"
EndProject
Project("{FAE04EC0-301F-11D3-BF4B-00C04F79EFBC}") = "W07_Async01", "W07_Async01\W07_Async01.csproj", "{4163CF77-A624-44A1-A7DD-E863AF384C97}"
EndProject
Project("{FAE04EC0-301F-11D3-BF4B-00C04F79EFBC}") = "W07_Async02", "W07_Async02\W07_Async02.csproj", "{DF5A25F8-A920-4AEB-9860-29EE2CA27D37}"
EndProject
Project("{FAE04EC0-301F-11D3-BF4B-00C04F79EFBC}") = "W07_Async03", "W07_Async03\W07_Async03.csproj", "{4BD112E8-CC5E-4ED9-96A7-658B4AAE4CCA}"
EndProject
Project("{FAE04EC0-301F-11D3-BF4B-00C04F79EFBC}") = "W07_Async04", "W07_Async04\W07_Async04.csproj", "{86CD390B-AA86-471A-8669-D8F028AAA001}"
EndProject
Project("{FAE04EC0-301F-11D3-BF4B-00C04F79EFBC}") = "W07_Async05", "W07_Async05\W07_Async05.csproj", "{076EFFC4-DD90-477E-8B44-17A570867CBC}"
EndProject
Project("{FAE04EC0-301F-11D3-BF4B-00C04F79EFBC}") = "W10_ColorPicker", "W10_ColorPicker\W10_ColorPicker.csproj", "{DDEA7065-4A97-436B-870E-36FC0CC28A82}"
EndProject
Project("{FAE04EC0-301F-11D3-BF4B-00C04F79EFBC}") = "W10_ColorSwatches", "W10_ColorSwatches\W10_ColorSwatches.csproj", "{8C6B2BB5-5E84-48BE-BBE1-ACDDE76E8D03}"
EndProject
Project("{FAE04EC0-301F-11D3-BF4B-00C04F79EFBC}") = "W10_ApexIcons", "W10_ApexIcons\W10_ApexIcons.csproj", "{C9108CB9-C0B0-46EA-B7E7-5D418D6387BF}"
EndProject
Project("{FAE04EC0-301F-11D3-BF4B-00C04F79EFBC}") = "W11_Basics", "W11_Basics\W11_Basics.csproj", "{2794D225-B331-4D4E-BAC8-7E031D73E8A4}"
EndProject
Project("{FAE04EC0-301F-11D3-BF4B-00C04F79EFBC}") = "W11_Templates", "W11_Templates\W11_Templates.csproj", "{A4B77723-4B39-4FA2-A3EC-930740D0D820}"
EndProject
Project("{FAE04EC0-301F-11D3-BF4B-00C04F79EFBC}") = "W11_Animations", "W11_Animations\W11_Animations.csproj", "{E9B7DA12-2B84-4A80-8DCD-962723B33B74}"
EndProject
Project("{FAE04EC0-301F-11D3-BF4B-00C04F79EFBC}") = "W11_Theme", "W11_Theme\W11_Theme.csproj", "{1B241A10-6D25-4EEF-ADCB-7E27F2A3041B}"
EndProject
Project("{FAE04EC0-301F-11D3-BF4B-00C04F79EFBC}") = "W11_LoginApp", "W11_LoginApp\W11_LoginApp.csproj", "{8062A6DC-71BE-49E1-96DF-2734515C7C73}"
EndProject
Project("{FAE04EC0-301F-11D3-BF4B-00C04F79EFBC}") = "W06_DestinyGearViewer", "W06_DestinyGearViewer\W06_DestinyGearViewer.csproj", "{08DA70FC-7F01-45AE-B2E9-5B5C3B198B99}"
EndProject
Project("{FAE04EC0-301F-11D3-BF4B-00C04F79EFBC}") = "W09_LabTest", "W09_LabTest\W09_LabTest.csproj", "{0AC452AC-D3EE-4672-AC13-C04B35B7DB7F}"
EndProject
Project("{FAE04EC0-301F-11D3-BF4B-00C04F79EFBC}") = "W12_UserApp", "W12_UserApp\W12_UserApp.csproj", "{B08FEBED-1449-4A97-8181-5A7D954E9D68}"
EndProject
Global
	GlobalSection(SolutionConfigurationPlatforms) = preSolution
		Debug|Any CPU = Debug|Any CPU
		Release|Any CPU = Release|Any CPU
	EndGlobalSection
	GlobalSection(ProjectConfigurationPlatforms) = postSolution
		{B1EA0FF4-EAD3-4CA3-ACC8-243BB7D0C4CB}.Debug|Any CPU.ActiveCfg = Debug|Any CPU
		{B1EA0FF4-EAD3-4CA3-ACC8-243BB7D0C4CB}.Debug|Any CPU.Build.0 = Debug|Any CPU
		{B1EA0FF4-EAD3-4CA3-ACC8-243BB7D0C4CB}.Release|Any CPU.ActiveCfg = Release|Any CPU
		{B1EA0FF4-EAD3-4CA3-ACC8-243BB7D0C4CB}.Release|Any CPU.Build.0 = Release|Any CPU
		{F65C2232-53D4-4540-9C1C-53E6417632B6}.Debug|Any CPU.ActiveCfg = Debug|Any CPU
		{F65C2232-53D4-4540-9C1C-53E6417632B6}.Debug|Any CPU.Build.0 = Debug|Any CPU
		{F65C2232-53D4-4540-9C1C-53E6417632B6}.Release|Any CPU.ActiveCfg = Release|Any CPU
		{F65C2232-53D4-4540-9C1C-53E6417632B6}.Release|Any CPU.Build.0 = Release|Any CPU
		{0135D414-2513-4EAC-B25E-3592E72B2C14}.Debug|Any CPU.ActiveCfg = Debug|Any CPU
		{0135D414-2513-4EAC-B25E-3592E72B2C14}.Debug|Any CPU.Build.0 = Debug|Any CPU
		{0135D414-2513-4EAC-B25E-3592E72B2C14}.Release|Any CPU.ActiveCfg = Release|Any CPU
		{0135D414-2513-4EAC-B25E-3592E72B2C14}.Release|Any CPU.Build.0 = Release|Any CPU
		{B222BE1D-D693-465A-80EE-DACAC0242E55}.Debug|Any CPU.ActiveCfg = Debug|Any CPU
		{B222BE1D-D693-465A-80EE-DACAC0242E55}.Debug|Any CPU.Build.0 = Debug|Any CPU
		{B222BE1D-D693-465A-80EE-DACAC0242E55}.Release|Any CPU.ActiveCfg = Release|Any CPU
		{B222BE1D-D693-465A-80EE-DACAC0242E55}.Release|Any CPU.Build.0 = Release|Any CPU
		{73EAB4BB-948C-4223-9EC9-0C96F5F6748E}.Debug|Any CPU.ActiveCfg = Debug|Any CPU
		{73EAB4BB-948C-4223-9EC9-0C96F5F6748E}.Debug|Any CPU.Build.0 = Debug|Any CPU
		{73EAB4BB-948C-4223-9EC9-0C96F5F6748E}.Release|Any CPU.ActiveCfg = Release|Any CPU
		{73EAB4BB-948C-4223-9EC9-0C96F5F6748E}.Release|Any CPU.Build.0 = Release|Any CPU
		{E9E23869-31B4-42AF-91C4-3C931E2D798C}.Debug|Any CPU.ActiveCfg = Debug|Any CPU
		{E9E23869-31B4-42AF-91C4-3C931E2D798C}.Debug|Any CPU.Build.0 = Debug|Any CPU
		{E9E23869-31B4-42AF-91C4-3C931E2D798C}.Release|Any CPU.ActiveCfg = Release|Any CPU
		{E9E23869-31B4-42AF-91C4-3C931E2D798C}.Release|Any CPU.Build.0 = Release|Any CPU
		{DB0FA74C-EFF3-4701-B7F6-47B35D70EB6C}.Debug|Any CPU.ActiveCfg = Debug|Any CPU
		{DB0FA74C-EFF3-4701-B7F6-47B35D70EB6C}.Debug|Any CPU.Build.0 = Debug|Any CPU
		{DB0FA74C-EFF3-4701-B7F6-47B35D70EB6C}.Release|Any CPU.ActiveCfg = Release|Any CPU
		{DB0FA74C-EFF3-4701-B7F6-47B35D70EB6C}.Release|Any CPU.Build.0 = Release|Any CPU
		{47BBC473-8BBF-406B-8239-A05856E0DAA7}.Debug|Any CPU.ActiveCfg = Debug|Any CPU
		{47BBC473-8BBF-406B-8239-A05856E0DAA7}.Debug|Any CPU.Build.0 = Debug|Any CPU
		{47BBC473-8BBF-406B-8239-A05856E0DAA7}.Release|Any CPU.ActiveCfg = Release|Any CPU
		{47BBC473-8BBF-406B-8239-A05856E0DAA7}.Release|Any CPU.Build.0 = Release|Any CPU
		{C9E94BB0-332D-4DDD-9777-83ED8AB9484D}.Debug|Any CPU.ActiveCfg = Debug|Any CPU
		{C9E94BB0-332D-4DDD-9777-83ED8AB9484D}.Debug|Any CPU.Build.0 = Debug|Any CPU
		{C9E94BB0-332D-4DDD-9777-83ED8AB9484D}.Release|Any CPU.ActiveCfg = Release|Any CPU
		{C9E94BB0-332D-4DDD-9777-83ED8AB9484D}.Release|Any CPU.Build.0 = Release|Any CPU
		{D33F3D46-0BD9-45D0-A534-4FFA81B10B30}.Debug|Any CPU.ActiveCfg = Debug|Any CPU
		{D33F3D46-0BD9-45D0-A534-4FFA81B10B30}.Debug|Any CPU.Build.0 = Debug|Any CPU
		{D33F3D46-0BD9-45D0-A534-4FFA81B10B30}.Release|Any CPU.ActiveCfg = Release|Any CPU
		{D33F3D46-0BD9-45D0-A534-4FFA81B10B30}.Release|Any CPU.Build.0 = Release|Any CPU
		{CFB4958C-94B3-4781-8147-94CB5F186C0C}.Debug|Any CPU.ActiveCfg = Debug|Any CPU
		{CFB4958C-94B3-4781-8147-94CB5F186C0C}.Debug|Any CPU.Build.0 = Debug|Any CPU
		{CFB4958C-94B3-4781-8147-94CB5F186C0C}.Release|Any CPU.ActiveCfg = Release|Any CPU
		{CFB4958C-94B3-4781-8147-94CB5F186C0C}.Release|Any CPU.Build.0 = Release|Any CPU
		{8B2F4393-41AE-42F0-9BC5-3DBC61E6329D}.Debug|Any CPU.ActiveCfg = Debug|Any CPU
		{8B2F4393-41AE-42F0-9BC5-3DBC61E6329D}.Debug|Any CPU.Build.0 = Debug|Any CPU
		{8B2F4393-41AE-42F0-9BC5-3DBC61E6329D}.Release|Any CPU.ActiveCfg = Release|Any CPU
		{8B2F4393-41AE-42F0-9BC5-3DBC61E6329D}.Release|Any CPU.Build.0 = Release|Any CPU
		{EE6F2E03-D11F-448C-8A03-E5A0B9A5373D}.Debug|Any CPU.ActiveCfg = Debug|Any CPU
		{EE6F2E03-D11F-448C-8A03-E5A0B9A5373D}.Debug|Any CPU.Build.0 = Debug|Any CPU
		{EE6F2E03-D11F-448C-8A03-E5A0B9A5373D}.Release|Any CPU.ActiveCfg = Release|Any CPU
		{EE6F2E03-D11F-448C-8A03-E5A0B9A5373D}.Release|Any CPU.Build.0 = Release|Any CPU
		{80DEA4CE-23DF-4A85-881F-71330F2163F7}.Debug|Any CPU.ActiveCfg = Debug|Any CPU
		{80DEA4CE-23DF-4A85-881F-71330F2163F7}.Debug|Any CPU.Build.0 = Debug|Any CPU
		{80DEA4CE-23DF-4A85-881F-71330F2163F7}.Release|Any CPU.ActiveCfg = Release|Any CPU
		{80DEA4CE-23DF-4A85-881F-71330F2163F7}.Release|Any CPU.Build.0 = Release|Any CPU
		{14F6294D-D120-461D-A83A-F39E56FA3CEF}.Debug|Any CPU.ActiveCfg = Debug|Any CPU
		{14F6294D-D120-461D-A83A-F39E56FA3CEF}.Debug|Any CPU.Build.0 = Debug|Any CPU
		{14F6294D-D120-461D-A83A-F39E56FA3CEF}.Release|Any CPU.ActiveCfg = Release|Any CPU
		{14F6294D-D120-461D-A83A-F39E56FA3CEF}.Release|Any CPU.Build.0 = Release|Any CPU
		{87087D5F-C9B9-4C21-984D-B7D62A5A5B8B}.Debug|Any CPU.ActiveCfg = Debug|Any CPU
		{87087D5F-C9B9-4C21-984D-B7D62A5A5B8B}.Debug|Any CPU.Build.0 = Debug|Any CPU
		{87087D5F-C9B9-4C21-984D-B7D62A5A5B8B}.Release|Any CPU.ActiveCfg = Release|Any CPU
		{87087D5F-C9B9-4C21-984D-B7D62A5A5B8B}.Release|Any CPU.Build.0 = Release|Any CPU
		{139D76C1-E3E5-4C55-A6FC-69AF9D04F440}.Debug|Any CPU.ActiveCfg = Debug|Any CPU
		{139D76C1-E3E5-4C55-A6FC-69AF9D04F440}.Debug|Any CPU.Build.0 = Debug|Any CPU
		{139D76C1-E3E5-4C55-A6FC-69AF9D04F440}.Release|Any CPU.ActiveCfg = Release|Any CPU
		{139D76C1-E3E5-4C55-A6FC-69AF9D04F440}.Release|Any CPU.Build.0 = Release|Any CPU
		{132A504B-97B7-49E1-A3D9-F4775B2A07D6}.Debug|Any CPU.ActiveCfg = Debug|Any CPU
		{132A504B-97B7-49E1-A3D9-F4775B2A07D6}.Debug|Any CPU.Build.0 = Debug|Any CPU
		{132A504B-97B7-49E1-A3D9-F4775B2A07D6}.Release|Any CPU.ActiveCfg = Release|Any CPU
		{132A504B-97B7-49E1-A3D9-F4775B2A07D6}.Release|Any CPU.Build.0 = Release|Any CPU
		{F012C43C-CD79-46F6-8556-4C68133A25BE}.Debug|Any CPU.ActiveCfg = Debug|Any CPU
		{F012C43C-CD79-46F6-8556-4C68133A25BE}.Debug|Any CPU.Build.0 = Debug|Any CPU
		{F012C43C-CD79-46F6-8556-4C68133A25BE}.Release|Any CPU.ActiveCfg = Release|Any CPU
		{F012C43C-CD79-46F6-8556-4C68133A25BE}.Release|Any CPU.Build.0 = Release|Any CPU
		{1DFD242B-4783-4CEF-8974-923C176BE7F6}.Debug|Any CPU.ActiveCfg = Debug|Any CPU
		{1DFD242B-4783-4CEF-8974-923C176BE7F6}.Debug|Any CPU.Build.0 = Debug|Any CPU
		{1DFD242B-4783-4CEF-8974-923C176BE7F6}.Release|Any CPU.ActiveCfg = Release|Any CPU
		{1DFD242B-4783-4CEF-8974-923C176BE7F6}.Release|Any CPU.Build.0 = Release|Any CPU
		{7A003A58-8114-4AFA-9E19-74A1902C91BC}.Debug|Any CPU.ActiveCfg = Debug|Any CPU
		{7A003A58-8114-4AFA-9E19-74A1902C91BC}.Debug|Any CPU.Build.0 = Debug|Any CPU
		{7A003A58-8114-4AFA-9E19-74A1902C91BC}.Release|Any CPU.ActiveCfg = Release|Any CPU
		{7A003A58-8114-4AFA-9E19-74A1902C91BC}.Release|Any CPU.Build.0 = Release|Any CPU
		{97EA762A-7A03-45D1-B5AE-3108217FCA3E}.Debug|Any CPU.ActiveCfg = Debug|Any CPU
		{97EA762A-7A03-45D1-B5AE-3108217FCA3E}.Debug|Any CPU.Build.0 = Debug|Any CPU
		{97EA762A-7A03-45D1-B5AE-3108217FCA3E}.Release|Any CPU.ActiveCfg = Release|Any CPU
		{97EA762A-7A03-45D1-B5AE-3108217FCA3E}.Release|Any CPU.Build.0 = Release|Any CPU
		{AD682D57-0FB8-4E66-8A66-68B7CEABC001}.Debug|Any CPU.ActiveCfg = Debug|Any CPU
		{AD682D57-0FB8-4E66-8A66-68B7CEABC001}.Debug|Any CPU.Build.0 = Debug|Any CPU
		{AD682D57-0FB8-4E66-8A66-68B7CEABC001}.Release|Any CPU.ActiveCfg = Release|Any CPU
		{AD682D57-0FB8-4E66-8A66-68B7CEABC001}.Release|Any CPU.Build.0 = Release|Any CPU
		{C60CA77F-0B6C-4678-A843-4863FB75B2E0}.Debug|Any CPU.ActiveCfg = Debug|Any CPU
		{C60CA77F-0B6C-4678-A843-4863FB75B2E0}.Debug|Any CPU.Build.0 = Debug|Any CPU
		{C60CA77F-0B6C-4678-A843-4863FB75B2E0}.Release|Any CPU.ActiveCfg = Release|Any CPU
		{C60CA77F-0B6C-4678-A843-4863FB75B2E0}.Release|Any CPU.Build.0 = Release|Any CPU
		{C0323C35-B3AB-4E23-8DD8-938A33BFF835}.Debug|Any CPU.ActiveCfg = Debug|Any CPU
		{C0323C35-B3AB-4E23-8DD8-938A33BFF835}.Debug|Any CPU.Build.0 = Debug|Any CPU
		{C0323C35-B3AB-4E23-8DD8-938A33BFF835}.Release|Any CPU.ActiveCfg = Release|Any CPU
		{C0323C35-B3AB-4E23-8DD8-938A33BFF835}.Release|Any CPU.Build.0 = Release|Any CPU
		{1F9D95F7-9F4D-4120-BA28-211F89FDC5D1}.Debug|Any CPU.ActiveCfg = Debug|Any CPU
		{1F9D95F7-9F4D-4120-BA28-211F89FDC5D1}.Debug|Any CPU.Build.0 = Debug|Any CPU
		{1F9D95F7-9F4D-4120-BA28-211F89FDC5D1}.Release|Any CPU.ActiveCfg = Release|Any CPU
		{1F9D95F7-9F4D-4120-BA28-211F89FDC5D1}.Release|Any CPU.Build.0 = Release|Any CPU
		{3A5650A2-DA49-4F3A-B947-9D704DBD0BD0}.Debug|Any CPU.ActiveCfg = Debug|Any CPU
		{3A5650A2-DA49-4F3A-B947-9D704DBD0BD0}.Debug|Any CPU.Build.0 = Debug|Any CPU
		{3A5650A2-DA49-4F3A-B947-9D704DBD0BD0}.Release|Any CPU.ActiveCfg = Release|Any CPU
		{3A5650A2-DA49-4F3A-B947-9D704DBD0BD0}.Release|Any CPU.Build.0 = Release|Any CPU
		{F811FAC7-CF52-4FBA-A09D-8C4ECA71765D}.Debug|Any CPU.ActiveCfg = Debug|Any CPU
		{F811FAC7-CF52-4FBA-A09D-8C4ECA71765D}.Debug|Any CPU.Build.0 = Debug|Any CPU
		{F811FAC7-CF52-4FBA-A09D-8C4ECA71765D}.Release|Any CPU.ActiveCfg = Release|Any CPU
		{F811FAC7-CF52-4FBA-A09D-8C4ECA71765D}.Release|Any CPU.Build.0 = Release|Any CPU
		{5C79D29D-958E-4BA8-B730-C9BA9C63A9A6}.Debug|Any CPU.ActiveCfg = Debug|Any CPU
		{5C79D29D-958E-4BA8-B730-C9BA9C63A9A6}.Debug|Any CPU.Build.0 = Debug|Any CPU
		{5C79D29D-958E-4BA8-B730-C9BA9C63A9A6}.Release|Any CPU.ActiveCfg = Release|Any CPU
		{5C79D29D-958E-4BA8-B730-C9BA9C63A9A6}.Release|Any CPU.Build.0 = Release|Any CPU
		{4163CF77-A624-44A1-A7DD-E863AF384C97}.Debug|Any CPU.ActiveCfg = Debug|Any CPU
		{4163CF77-A624-44A1-A7DD-E863AF384C97}.Debug|Any CPU.Build.0 = Debug|Any CPU
		{4163CF77-A624-44A1-A7DD-E863AF384C97}.Release|Any CPU.ActiveCfg = Release|Any CPU
		{4163CF77-A624-44A1-A7DD-E863AF384C97}.Release|Any CPU.Build.0 = Release|Any CPU
		{DF5A25F8-A920-4AEB-9860-29EE2CA27D37}.Debug|Any CPU.ActiveCfg = Debug|Any CPU
		{DF5A25F8-A920-4AEB-9860-29EE2CA27D37}.Debug|Any CPU.Build.0 = Debug|Any CPU
		{DF5A25F8-A920-4AEB-9860-29EE2CA27D37}.Release|Any CPU.ActiveCfg = Release|Any CPU
		{DF5A25F8-A920-4AEB-9860-29EE2CA27D37}.Release|Any CPU.Build.0 = Release|Any CPU
		{4BD112E8-CC5E-4ED9-96A7-658B4AAE4CCA}.Debug|Any CPU.ActiveCfg = Debug|Any CPU
		{4BD112E8-CC5E-4ED9-96A7-658B4AAE4CCA}.Debug|Any CPU.Build.0 = Debug|Any CPU
		{4BD112E8-CC5E-4ED9-96A7-658B4AAE4CCA}.Release|Any CPU.ActiveCfg = Release|Any CPU
		{4BD112E8-CC5E-4ED9-96A7-658B4AAE4CCA}.Release|Any CPU.Build.0 = Release|Any CPU
		{86CD390B-AA86-471A-8669-D8F028AAA001}.Debug|Any CPU.ActiveCfg = Debug|Any CPU
		{86CD390B-AA86-471A-8669-D8F028AAA001}.Debug|Any CPU.Build.0 = Debug|Any CPU
		{86CD390B-AA86-471A-8669-D8F028AAA001}.Release|Any CPU.ActiveCfg = Release|Any CPU
		{86CD390B-AA86-471A-8669-D8F028AAA001}.Release|Any CPU.Build.0 = Release|Any CPU
		{076EFFC4-DD90-477E-8B44-17A570867CBC}.Debug|Any CPU.ActiveCfg = Debug|Any CPU
		{076EFFC4-DD90-477E-8B44-17A570867CBC}.Debug|Any CPU.Build.0 = Debug|Any CPU
		{076EFFC4-DD90-477E-8B44-17A570867CBC}.Release|Any CPU.ActiveCfg = Release|Any CPU
		{076EFFC4-DD90-477E-8B44-17A570867CBC}.Release|Any CPU.Build.0 = Release|Any CPU
		{DDEA7065-4A97-436B-870E-36FC0CC28A82}.Debug|Any CPU.ActiveCfg = Debug|Any CPU
		{DDEA7065-4A97-436B-870E-36FC0CC28A82}.Debug|Any CPU.Build.0 = Debug|Any CPU
		{DDEA7065-4A97-436B-870E-36FC0CC28A82}.Release|Any CPU.ActiveCfg = Release|Any CPU
		{DDEA7065-4A97-436B-870E-36FC0CC28A82}.Release|Any CPU.Build.0 = Release|Any CPU
		{8C6B2BB5-5E84-48BE-BBE1-ACDDE76E8D03}.Debug|Any CPU.ActiveCfg = Debug|Any CPU
		{8C6B2BB5-5E84-48BE-BBE1-ACDDE76E8D03}.Debug|Any CPU.Build.0 = Debug|Any CPU
		{8C6B2BB5-5E84-48BE-BBE1-ACDDE76E8D03}.Release|Any CPU.ActiveCfg = Release|Any CPU
		{8C6B2BB5-5E84-48BE-BBE1-ACDDE76E8D03}.Release|Any CPU.Build.0 = Release|Any CPU
		{C9108CB9-C0B0-46EA-B7E7-5D418D6387BF}.Debug|Any CPU.ActiveCfg = Debug|Any CPU
		{C9108CB9-C0B0-46EA-B7E7-5D418D6387BF}.Debug|Any CPU.Build.0 = Debug|Any CPU
		{C9108CB9-C0B0-46EA-B7E7-5D418D6387BF}.Release|Any CPU.ActiveCfg = Release|Any CPU
		{C9108CB9-C0B0-46EA-B7E7-5D418D6387BF}.Release|Any CPU.Build.0 = Release|Any CPU
		{2794D225-B331-4D4E-BAC8-7E031D73E8A4}.Debug|Any CPU.ActiveCfg = Debug|Any CPU
		{2794D225-B331-4D4E-BAC8-7E031D73E8A4}.Debug|Any CPU.Build.0 = Debug|Any CPU
		{2794D225-B331-4D4E-BAC8-7E031D73E8A4}.Release|Any CPU.ActiveCfg = Release|Any CPU
		{2794D225-B331-4D4E-BAC8-7E031D73E8A4}.Release|Any CPU.Build.0 = Release|Any CPU
		{A4B77723-4B39-4FA2-A3EC-930740D0D820}.Debug|Any CPU.ActiveCfg = Debug|Any CPU
		{A4B77723-4B39-4FA2-A3EC-930740D0D820}.Debug|Any CPU.Build.0 = Debug|Any CPU
		{A4B77723-4B39-4FA2-A3EC-930740D0D820}.Release|Any CPU.ActiveCfg = Release|Any CPU
		{A4B77723-4B39-4FA2-A3EC-930740D0D820}.Release|Any CPU.Build.0 = Release|Any CPU
		{E9B7DA12-2B84-4A80-8DCD-962723B33B74}.Debug|Any CPU.ActiveCfg = Debug|Any CPU
		{E9B7DA12-2B84-4A80-8DCD-962723B33B74}.Debug|Any CPU.Build.0 = Debug|Any CPU
		{E9B7DA12-2B84-4A80-8DCD-962723B33B74}.Release|Any CPU.ActiveCfg = Release|Any CPU
		{E9B7DA12-2B84-4A80-8DCD-962723B33B74}.Release|Any CPU.Build.0 = Release|Any CPU
		{1B241A10-6D25-4EEF-ADCB-7E27F2A3041B}.Debug|Any CPU.ActiveCfg = Debug|Any CPU
		{1B241A10-6D25-4EEF-ADCB-7E27F2A3041B}.Debug|Any CPU.Build.0 = Debug|Any CPU
		{1B241A10-6D25-4EEF-ADCB-7E27F2A3041B}.Release|Any CPU.ActiveCfg = Release|Any CPU
		{1B241A10-6D25-4EEF-ADCB-7E27F2A3041B}.Release|Any CPU.Build.0 = Release|Any CPU
		{8062A6DC-71BE-49E1-96DF-2734515C7C73}.Debug|Any CPU.ActiveCfg = Debug|Any CPU
		{8062A6DC-71BE-49E1-96DF-2734515C7C73}.Debug|Any CPU.Build.0 = Debug|Any CPU
		{8062A6DC-71BE-49E1-96DF-2734515C7C73}.Release|Any CPU.ActiveCfg = Release|Any CPU
		{8062A6DC-71BE-49E1-96DF-2734515C7C73}.Release|Any CPU.Build.0 = Release|Any CPU
		{08DA70FC-7F01-45AE-B2E9-5B5C3B198B99}.Debug|Any CPU.ActiveCfg = Debug|Any CPU
		{08DA70FC-7F01-45AE-B2E9-5B5C3B198B99}.Debug|Any CPU.Build.0 = Debug|Any CPU
		{08DA70FC-7F01-45AE-B2E9-5B5C3B198B99}.Release|Any CPU.ActiveCfg = Release|Any CPU
		{08DA70FC-7F01-45AE-B2E9-5B5C3B198B99}.Release|Any CPU.Build.0 = Release|Any CPU
		{0AC452AC-D3EE-4672-AC13-C04B35B7DB7F}.Debug|Any CPU.ActiveCfg = Debug|Any CPU
		{0AC452AC-D3EE-4672-AC13-C04B35B7DB7F}.Debug|Any CPU.Build.0 = Debug|Any CPU
		{0AC452AC-D3EE-4672-AC13-C04B35B7DB7F}.Release|Any CPU.ActiveCfg = Release|Any CPU
		{0AC452AC-D3EE-4672-AC13-C04B35B7DB7F}.Release|Any CPU.Build.0 = Release|Any CPU
		{B08FEBED-1449-4A97-8181-5A7D954E9D68}.Debug|Any CPU.ActiveCfg = Debug|Any CPU
		{B08FEBED-1449-4A97-8181-5A7D954E9D68}.Debug|Any CPU.Build.0 = Debug|Any CPU
		{B08FEBED-1449-4A97-8181-5A7D954E9D68}.Release|Any CPU.ActiveCfg = Release|Any CPU
		{B08FEBED-1449-4A97-8181-5A7D954E9D68}.Release|Any CPU.Build.0 = Release|Any CPU
	EndGlobalSection
	GlobalSection(SolutionProperties) = preSolution
		HideSolutionNode = FALSE
	EndGlobalSection
	GlobalSection(ExtensibilityGlobals) = postSolution
		SolutionGuid = {F3ABD2EA-4D95-48B4-BE6E-8B615D5EAF0E}
	EndGlobalSection
EndGlobal
