
Microsoft Visual Studio Solution File, Format Version 12.00
# Visual Studio Version 17
VisualStudioVersion = 17.13.35931.197
MinimumVisualStudioVersion = 10.0.40219.1
Project("{FAE04EC0-301F-11D3-BF4B-00C04F79EFBC}") = "ImageEffectEditor", "ImageEffectEditor\ImageEffectEditor.csproj", "{0FDA715B-DFA5-495B-90DE-D6ACAE5AFC51}"
EndProject
Project("{FAE04EC0-301F-11D3-BF4B-00C04F79EFBC}") = "ImageProcessorToolkit", "ImageProcessorToolkit\ImageProcessorToolkit.csproj", "{A3FABB14-6137-4093-B80A-B7AB5158958D}"
EndProject
Global
	GlobalSection(SolutionConfigurationPlatforms) = preSolution
		Debug|Any CPU = Debug|Any CPU
		Release|Any CPU = Release|Any CPU
	EndGlobalSection
	GlobalSection(ProjectConfigurationPlatforms) = postSolution
		{0FDA715B-DFA5-495B-90DE-D6ACAE5AFC51}.Debug|Any CPU.ActiveCfg = Debug|Any CPU
		{0FDA715B-DFA5-495B-90DE-D6ACAE5AFC51}.Debug|Any CPU.Build.0 = Debug|Any CPU
		{0FDA715B-DFA5-495B-90DE-D6ACAE5AFC51}.Release|Any CPU.ActiveCfg = Release|Any CPU
		{0FDA715B-DFA5-495B-90DE-D6ACAE5AFC51}.Release|Any CPU.Build.0 = Release|Any CPU
		{A3FABB14-6137-4093-B80A-B7AB5158958D}.Debug|Any CPU.ActiveCfg = Debug|Any CPU
		{A3FABB14-6137-4093-B80A-B7AB5158958D}.Debug|Any CPU.Build.0 = Debug|Any CPU
		{A3FABB14-6137-4093-B80A-B7AB5158958D}.Release|Any CPU.ActiveCfg = Release|Any CPU
		{A3FABB14-6137-4093-B80A-B7AB5158958D}.Release|Any CPU.Build.0 = Release|Any CPU
	EndGlobalSection
	GlobalSection(SolutionProperties) = preSolution
		HideSolutionNode = FALSE
	EndGlobalSection
	GlobalSection(ExtensibilityGlobals) = postSolution
		SolutionGuid = {5875A216-F57B-40A1-86C5-82C1403732DB}
	EndGlobalSection
EndGlobal
